// !$*UTF8*$!
{
	archiveVersion = 1;
	classes = {
	};
	objectVersion = 46;
	objects = {

/* Begin PBXBuildFile section */
		416516921D072D87006771F1 /* ex02.cpp in Sources */ = {isa = PBXBuildFile; fileRef = 416516901D072D87006771F1 /* ex02.cpp */; };
		416516951D072DC3006771F1 /* ex03.cpp in Sources */ = {isa = PBXBuildFile; fileRef = 416516931D072DC3006771F1 /* ex03.cpp */; };
		416516981D072DE6006771F1 /* ex04.cpp in Sources */ = {isa = PBXBuildFile; fileRef = 416516961D072DE6006771F1 /* ex04.cpp */; };
		4165169B1D072DFF006771F1 /* ex05.cpp in Sources */ = {isa = PBXBuildFile; fileRef = 416516991D072DFF006771F1 /* ex05.cpp */; };
/* End PBXBuildFile section */

/* Begin PBXCopyFilesBuildPhase section */
		416516841D04D575006771F1 /* CopyFiles */ = {
			isa = PBXCopyFilesBuildPhase;
			buildActionMask = 2147483647;
			dstPath = /usr/share/man/man1/;
			dstSubfolderSpec = 0;
			files = (
			);
			runOnlyForDeploymentPostprocessing = 1;
		};
/* End PBXCopyFilesBuildPhase section */

/* Begin PBXFileReference section */
		416516861D04D575006771F1 /* Ex04 */ = {isa = PBXFileReference; explicitFileType = "compiled.mach-o.executable"; includeInIndex = 0; path = Ex04; sourceTree = BUILT_PRODUCTS_DIR; };
		416516891D04D575006771F1 /* ex01.cpp */ = {isa = PBXFileReference; lastKnownFileType = sourcecode.cpp.cpp; path = ex01.cpp; sourceTree = "<group>"; };
		416516901D072D87006771F1 /* ex02.cpp */ = {isa = PBXFileReference; fileEncoding = 4; lastKnownFileType = sourcecode.cpp.cpp; path = ex02.cpp; sourceTree = "<group>"; };
		416516931D072DC3006771F1 /* ex03.cpp */ = {isa = PBXFileReference; fileEncoding = 4; lastKnownFileType = sourcecode.cpp.cpp; path = ex03.cpp; sourceTree = "<group>"; };
		416516961D072DE6006771F1 /* ex04.cpp */ = {isa = PBXFileReference; fileEncoding = 4; lastKnownFileType = sourcecode.cpp.cpp; path = ex04.cpp; sourceTree = "<group>"; };
		416516991D072DFF006771F1 /* ex05.cpp */ = {isa = PBXFileReference; fileEncoding = 4; lastKnownFileType = sourcecode.cpp.cpp; path = ex05.cpp; sourceTree = "<group>"; };
/* End PBXFileReference section */

/* Begin PBXFrameworksBuildPhase section */
		416516831D04D575006771F1 /* Frameworks */ = {
			isa = PBXFrameworksBuildPhase;
			buildActionMask = 2147483647;
			files = (
			);
			runOnlyForDeploymentPostprocessing = 0;
		};
/* End PBXFrameworksBuildPhase section */

/* Begin PBXGroup section */
		4165167D1D04D574006771F1 = {
			isa = PBXGroup;
			children = (
				416516881D04D575006771F1 /* Ex04 */,
				416516871D04D575006771F1 /* Products */,
			);
			sourceTree = "<group>";
		};
		416516871D04D575006771F1 /* Products */ = {
			isa = PBXGroup;
			children = (
				416516861D04D575006771F1 /* Ex04 */,
			);
			name = Products;
			sourceTree = "<group>";
		};
		416516881D04D575006771F1 /* Ex04 */ = {
			isa = PBXGroup;
			children = (
				416516891D04D575006771F1 /* ex01.cpp */,
				416516901D072D87006771F1 /* ex02.cpp */,
				416516931D072DC3006771F1 /* ex03.cpp */,
				416516961D072DE6006771F1 /* ex04.cpp */,
				416516991D072DFF006771F1 /* ex05.cpp */,
			);
			path = Ex04;
			sourceTree = "<group>";
		};
/* End PBXGroup section */

/* Begin PBXNativeTarget section */
		416516851D04D575006771F1 /* Ex04 */ = {
			isa = PBXNativeTarget;
			buildConfigurationList = 4165168D1D04D575006771F1 /* Build configuration list for PBXNativeTarget "Ex04" */;
			buildPhases = (
				416516821D04D575006771F1 /* Sources */,
				416516831D04D575006771F1 /* Frameworks */,
				416516841D04D575006771F1 /* CopyFiles */,
			);
			buildRules = (
			);
			dependencies = (
			);
			name = Ex04;
			productName = Ex04;
			productReference = 416516861D04D575006771F1 /* Ex04 */;
			productType = "com.apple.product-type.tool";
		};
/* End PBXNativeTarget section */

/* Begin PBXProject section */
		4165167E1D04D574006771F1 /* Project object */ = {
			isa = PBXProject;
			attributes = {
				LastUpgradeCheck = 0730;
				ORGANIZATIONNAME = "Ally McConnell";
				TargetAttributes = {
					416516851D04D575006771F1 = {
						CreatedOnToolsVersion = 7.3.1;
					};
				};
			};
			buildConfigurationList = 416516811D04D574006771F1 /* Build configuration list for PBXProject "Ex04" */;
			compatibilityVersion = "Xcode 3.2";
			developmentRegion = English;
			hasScannedForEncodings = 0;
			knownRegions = (
				en,
			);
			mainGroup = 4165167D1D04D574006771F1;
			productRefGroup = 416516871D04D575006771F1 /* Products */;
			projectDirPath = "";
			projectRoot = "";
			targets = (
				416516851D04D575006771F1 /* Ex04 */,
			);
		};
/* End PBXProject section */

/* Begin PBXSourcesBuildPhase section */
		416516821D04D575006771F1 /* Sources */ = {
			isa = PBXSourcesBuildPhase;
			buildActionMask = 2147483647;
			files = (
				416516921D072D87006771F1 /* ex02.cpp in Sources */,
				416516951D072DC3006771F1 /* ex03.cpp in Sources */,
				416516981D072DE6006771F1 /* ex04.cpp in Sources */,
				4165169B1D072DFF006771F1 /* ex05.cpp in Sources */,
			);
			runOnlyForDeploymentPostprocessing = 0;
		};
/* End PBXSourcesBuildPhase section */

/* Begin XCBuildConfiguration section */
		4165168B1D04D575006771F1 /* Debug */ = {
			isa = XCBuildConfiguration;
			buildSettings = {
				ALWAYS_SEARCH_USER_PATHS = NO;
				CLANG_ANALYZER_NONNULL = YES;
				CLANG_CXX_LANGUAGE_STANDARD = "gnu++0x";
				CLANG_CXX_LIBRARY = "libc++";
				CLANG_ENABLE_MODULES = YES;
				CLANG_ENABLE_OBJC_ARC = YES;
				CLANG_WARN_BOOL_CONVERSION = YES;
				CLANG_WARN_CONSTANT_CONVERSION = YES;
				CLANG_WARN_DIRECT_OBJC_ISA_USAGE = YES_ERROR;
				CLANG_WARN_EMPTY_BODY = YES;
				CLANG_WARN_ENUM_CONVERSION = YES;
				CLANG_WARN_INT_CONVERSION = YES;
				CLANG_WARN_OBJC_ROOT_CLASS = YES_ERROR;
				CLANG_WARN_UNREACHABLE_CODE = YES;
				CLANG_WARN__DUPLICATE_METHOD_MATCH = YES;
				CODE_SIGN_IDENTITY = "-";
				COPY_PHASE_STRIP = NO;
				DEBUG_INFORMATION_FORMAT = dwarf;
				ENABLE_STRICT_OBJC_MSGSEND = YES;
				ENABLE_TESTABILITY = YES;
				GCC_C_LANGUAGE_STANDARD = gnu99;
				GCC_DYNAMIC_NO_PIC = NO;
				GCC_NO_COMMON_BLOCKS = YES;
				GCC_OPTIMIZATION_LEVEL = 0;
				GCC_PREPROCESSOR_DEFINITIONS = (
					"DEBUG=1",
					"$(inherited)",
				);
				GCC_WARN_64_TO_32_BIT_CONVERSION = YES;
				GCC_WARN_ABOUT_RETURN_TYPE = YES_ERROR;
				GCC_WARN_UNDECLARED_SELECTOR = YES;
				GCC_WARN_UNINITIALIZED_AUTOS = YES_AGGRESSIVE;
				GCC_WARN_UNUSED_FUNCTION = YES;
				GCC_WARN_UNUSED_VARIABLE = YES;
				MACOSX_DEPLOYMENT_TARGET = 10.11;
				MTL_ENABLE_DEBUG_INFO = YES;
				ONLY_ACTIVE_ARCH = YES;
				SDKROOT = macosx;
			};
			name = Debug;
		};
		4165168C1D04D575006771F1 /* Release */ = {
			isa = XCBuildConfiguration;
			buildSettings = {
				ALWAYS_SEARCH_USER_PATHS = NO;
				CLANG_ANALYZER_NONNULL = YES;
				CLANG_CXX_LANGUAGE_STANDARD = "gnu++0x";
				CLANG_CXX_LIBRARY = "libc++";
				CLANG_ENABLE_MODULES = YES;
				CLANG_ENABLE_OBJC_ARC = YES;
				CLANG_WARN_BOOL_CONVERSION = YES;
				CLANG_WARN_CONSTANT_CONVERSION = YES;
				CLANG_WARN_DIRECT_OBJC_ISA_USAGE = YES_ERROR;
				CLANG_WARN_EMPTY_BODY = YES;
				CLANG_WARN_ENUM_CONVERSION = YES;
				CLANG_WARN_INT_CONVERSION = YES;
				CLANG_WARN_OBJC_ROOT_CLASS = YES_ERROR;
				CLANG_WARN_UNREACHABLE_CODE = YES;
				CLANG_WARN__DUPLICATE_METHOD_MATCH = YES;
				CODE_SIGN_IDENTITY = "-";
				COPY_PHASE_STRIP = NO;
				DEBUG_INFORMATION_FORMAT = "dwarf-with-dsym";
				ENABLE_NS_ASSERTIONS = NO;
				ENABLE_STRICT_OBJC_MSGSEND = YES;
				GCC_C_LANGUAGE_STANDARD = gnu99;
				GCC_NO_COMMON_BLOCKS = YES;
				GCC_WARN_64_TO_32_BIT_CONVERSION = YES;
				GCC_WARN_ABOUT_RETURN_TYPE = YES_ERROR;
				GCC_WARN_UNDECLARED_SELECTOR = YES;
				GCC_WARN_UNINITIALIZED_AUTOS = YES_AGGRESSIVE;
				GCC_WARN_UNUSED_FUNCTION = YES;
				GCC_WARN_UNUSED_VARIABLE = YES;
				MACOSX_DEPLOYMENT_TARGET = 10.11;
				MTL_ENABLE_DEBUG_INFO = NO;
				SDKROOT = macosx;
			};
			name = Release;
		};
		4165168E1D04D575006771F1 /* Debug */ = {
			isa = XCBuildConfiguration;
			buildSettings = {
				PRODUCT_NAME = "$(TARGET_NAME)";
			};
			name = Debug;
		};
		4165168F1D04D575006771F1 /* Release */ = {
			isa = XCBuildConfiguration;
			buildSettings = {
				PRODUCT_NAME = "$(TARGET_NAME)";
			};
			name = Release;
		};
/* End XCBuildConfiguration section */

/* Begin XCConfigurationList section */
		416516811D04D574006771F1 /* Build configuration list for PBXProject "Ex04" */ = {
			isa = XCConfigurationList;
			buildConfigurations = (
				4165168B1D04D575006771F1 /* Debug */,
				4165168C1D04D575006771F1 /* Release */,
			);
			defaultConfigurationIsVisible = 0;
			defaultConfigurationName = Release;
		};
		4165168D1D04D575006771F1 /* Build configuration list for PBXNativeTarget "Ex04" */ = {
			isa = XCConfigurationList;
			buildConfigurations = (
				4165168E1D04D575006771F1 /* Debug */,
				4165168F1D04D575006771F1 /* Release */,
			);
			defaultConfigurationIsVisible = 0;
		};
/* End XCConfigurationList section */
	};
	rootObject = 4165167E1D04D574006771F1 /* Project object */;
}
